
Microsoft Visual Studio Solution File, Format Version 12.00
# Visual Studio Version 17
VisualStudioVersion = 17.2.32616.157
MinimumVisualStudioVersion = 10.0.40219.1
Project("{9A19103F-16F7-4668-BE54-9A1E7A4F7556}") = "Golden Apple", "Golden Apple.csproj", "{F2CD83D7-EB6A-4523-BE13-A0CD3BB1B262}"
EndProject
Global
	GlobalSection(SolutionConfigurationPlatforms) = preSolution
		Debug|Any CPU = Debug|Any CPU
		Debug|x64 = Debug|x64
		Release|Any CPU = Release|Any CPU
		Release|x64 = Release|x64
	EndGlobalSection
	GlobalSection(ProjectConfigurationPlatforms) = postSolution
		{F2CD83D7-EB6A-4523-BE13-A0CD3BB1B262}.Debug|Any CPU.ActiveCfg = Debug|Any CPU
		{F2CD83D7-EB6A-4523-BE13-A0CD3BB1B262}.Debug|Any CPU.Build.0 = Debug|Any CPU
		{F2CD83D7-EB6A-4523-BE13-A0CD3BB1B262}.Debug|x64.ActiveCfg = Debug|x64
		{F2CD83D7-EB6A-4523-BE13-A0CD3BB1B262}.Debug|x64.Build.0 = Debug|x64
		{F2CD83D7-EB6A-4523-BE13-A0CD3BB1B262}.Release|Any CPU.ActiveCfg = Release|Any CPU
		{F2CD83D7-EB6A-4523-BE13-A0CD3BB1B262}.Release|Any CPU.Build.0 = Release|Any CPU
		{F2CD83D7-EB6A-4523-BE13-A0CD3BB1B262}.Release|x64.ActiveCfg = Release|x64
		{F2CD83D7-EB6A-4523-BE13-A0CD3BB1B262}.Release|x64.Build.0 = Release|x64
	EndGlobalSection
	GlobalSection(SolutionProperties) = preSolution
		HideSolutionNode = FALSE
	EndGlobalSection
	GlobalSection(ExtensibilityGlobals) = postSolution
		SolutionGuid = {C4BE0509-0D2A-42BC-9DCB-8BD609AE5F95}
	EndGlobalSection
EndGlobal
